
Microsoft Visual Studio Solution File, Format Version 12.00
# Visual Studio Version 17
VisualStudioVersion = 17.13.35931.197 d17.13
MinimumVisualStudioVersion = 10.0.40219.1
Project("{FAE04EC0-301F-11D3-BF4B-00C04F79EFBC}") = "CatchUp2406", "CatchUp2406\CatchUp2406.csproj", "{2D9D8D99-3637-4987-A2E1-76FC0AB45AD9}"
EndProject
Global
	GlobalSection(SolutionConfigurationPlatforms) = preSolution
		Debug|Any CPU = Debug|Any CPU
		Release|Any CPU = Release|Any CPU
	EndGlobalSection
	GlobalSection(ProjectConfigurationPlatforms) = postSolution
		{2D9D8D99-3637-4987-A2E1-76FC0AB45AD9}.Debug|Any CPU.ActiveCfg = Debug|Any CPU
		{2D9D8D99-3637-4987-A2E1-76FC0AB45AD9}.Debug|Any CPU.Build.0 = Debug|Any CPU
		{2D9D8D99-3637-4987-A2E1-76FC0AB45AD9}.Release|Any CPU.ActiveCfg = Release|Any CPU
		{2D9D8D99-3637-4987-A2E1-76FC0AB45AD9}.Release|Any CPU.Build.0 = Release|Any CPU
	EndGlobalSection
	GlobalSection(SolutionProperties) = preSolution
		HideSolutionNode = FALSE
	EndGlobalSection
	GlobalSection(ExtensibilityGlobals) = postSolution
		SolutionGuid = {C6529EDB-15DE-4258-9C10-F0ACA75BBE56}
	EndGlobalSection
EndGlobal
